
Microsoft Visual Studio Solution File, Format Version 12.00
# Visual Studio Version 17
VisualStudioVersion = 17.5.33516.290
MinimumVisualStudioVersion = 10.0.40219.1
Project("{9A19103F-16F7-4668-BE54-9A1E7A4F7556}") = "Pole.API", "Services\Pole\Pole.API\Pole.API.csproj", "{9C488282-B4EA-4CE3-86C5-3B14CAC0982D}"
EndProject
Project("{2150E333-8FDC-42A3-9474-1A3956D46DE8}") = "Source", "Source", "{C64B5BF0-B46A-4B64-A8C2-F77E9844B598}"
EndProject
Project("{2150E333-8FDC-42A3-9474-1A3956D46DE8}") = "Services", "Services", "{42C26666-541B-44CF-A41D-7DD9BEA963D5}"
EndProject
Project("{2150E333-8FDC-42A3-9474-1A3956D46DE8}") = "Pole", "Pole", "{F87333ED-E2CC-4692-9F22-C114D69FCCBC}"
EndProject
Project("{2150E333-8FDC-42A3-9474-1A3956D46DE8}") = "BuildingBlocks", "BuildingBlocks", "{B3353411-69A8-44A3-A944-0C2E2010A7F4}"
EndProject
Project("{2150E333-8FDC-42A3-9474-1A3956D46DE8}") = "Auth", "Auth", "{7DD1DC54-A265-4BA7-895B-6BBCEA41959E}"
EndProject
Project("{9A19103F-16F7-4668-BE54-9A1E7A4F7556}") = "Auth.API", "Services\Auth\Auth.API\Auth.API.csproj", "{BBE2E5D9-D284-44C5-B128-D2DBD402D8E0}"
EndProject
Project("{2150E333-8FDC-42A3-9474-1A3956D46DE8}") = "MqttClient", "MqttClient", "{48209837-4A0D-4A1C-B1DD-76E2F5647C4F}"
EndProject
Project("{9A19103F-16F7-4668-BE54-9A1E7A4F7556}") = "MqttClient", "Services\MqttClient\MqttClient\MqttClient.csproj", "{FE769D72-AC96-41B8-B220-9C4845758F18}"
EndProject
Project("{2150E333-8FDC-42A3-9474-1A3956D46DE8}") = "MqttSimulator", "MqttSimulator", "{03AC7563-D49B-4CE8-819A-1A74B62543D2}"
EndProject
Project("{9A19103F-16F7-4668-BE54-9A1E7A4F7556}") = "MqttSimulator", "Services\MqttSimulator\MqttSimulator\MqttSimulator.csproj", "{3165DC54-F411-4823-AAF3-5B822247688D}"
EndProject
Project("{2150E333-8FDC-42A3-9474-1A3956D46DE8}") = "Notification", "Notification", "{48C7A6BC-BFCD-4901-A6C9-5DDC2844B9DD}"
EndProject
Project("{9A19103F-16F7-4668-BE54-9A1E7A4F7556}") = "Notification.API", "Services\Notification\Notification.API\Notification.API.csproj", "{24FC9B9F-C953-46EB-AB36-F850252CF7B8}"
EndProject
Project("{2150E333-8FDC-42A3-9474-1A3956D46DE8}") = "Repair", "Repair", "{070B382C-7A0C-41B6-939E-404279035E04}"
EndProject
Project("{9A19103F-16F7-4668-BE54-9A1E7A4F7556}") = "Repair.API", "Services\Repair\Repair.API\Repair.API.csproj", "{721CA9B2-CD28-46FD-B1C0-4F29E2CA8947}"
EndProject
Project("{2150E333-8FDC-42A3-9474-1A3956D46DE8}") = "Team", "Team", "{70C355D7-363F-406B-AE33-27DEDF7914A5}"
EndProject
Project("{9A19103F-16F7-4668-BE54-9A1E7A4F7556}") = "Team.API", "Services\Team\Team.API\Team.API.csproj", "{2CB26A7C-CDB2-46F7-AE19-FFF76554E573}"
EndProject
Project("{2150E333-8FDC-42A3-9474-1A3956D46DE8}") = "User", "User", "{696B8FEB-4EDC-4460-B3EF-7B6DB8CC5536}"
EndProject
Project("{9A19103F-16F7-4668-BE54-9A1E7A4F7556}") = "User.API", "Services\User\User.API\User.API.csproj", "{7D04EE5A-2FA2-4E73-B7D8-B7947573D68D}"
EndProject
Project("{9A19103F-16F7-4668-BE54-9A1E7A4F7556}") = "Common", "BuildingBlocks\Common\Common.csproj", "{0F2E3C9B-ECA9-4C31-941F-1F597C48DE38}"
EndProject
Project("{2150E333-8FDC-42A3-9474-1A3956D46DE8}") = "ApiGateway", "ApiGateway", "{F85978CB-8A3B-4235-A690-00A1DA9A2240}"
EndProject
Project("{9A19103F-16F7-4668-BE54-9A1E7A4F7556}") = "ApiGateway", "ApiGateway\ApiGateway\ApiGateway.csproj", "{1E988491-B480-4235-B3C1-903A525487CC}"
EndProject
Project("{2150E333-8FDC-42A3-9474-1A3956D46DE8}") = "Solution Items", "Solution Items", "{73413905-B69A-446E-A590-350122F4254E}"
	ProjectSection(SolutionItems) = preProject
		docker-compose.yml = docker-compose.yml
	EndProjectSection
EndProject
Project("{9A19103F-16F7-4668-BE54-9A1E7A4F7556}") = "Pole.UnitTests", "Services\Pole\Pole.UnitTests\Pole.UnitTests.csproj", "{8F1ACAFE-B12C-4238-BC96-41F5D7E34714}"
EndProject
Project("{9A19103F-16F7-4668-BE54-9A1E7A4F7556}") = "Repair.UnitTests", "Services\Repair\Repair.UnitTests\Repair.UnitTests.csproj", "{71E7BE31-161C-4814-8DCD-3B914A6BFD39}"
EndProject
Project("{9A19103F-16F7-4668-BE54-9A1E7A4F7556}") = "Team.UnitTests", "Services\Team\Team.UnitTests\Team.UnitTests.csproj", "{11E4D0C0-40BA-4868-AFF8-4B4D45803295}"
EndProject
Project("{9A19103F-16F7-4668-BE54-9A1E7A4F7556}") = "User.UnitTests", "Services\User\User.UnitTests\User.UnitTests.csproj", "{EDC433FE-B84A-4A28-97F0-73405C1A7F89}"
EndProject
Project("{9A19103F-16F7-4668-BE54-9A1E7A4F7556}") = "Auth.UnitTests", "Services\Auth\Auth.UnitTests\Auth.UnitTests.csproj", "{4BF03EA6-FB2E-485B-99C1-F679254BF218}"
EndProject
Project("{9A19103F-16F7-4668-BE54-9A1E7A4F7556}") = "Notification.UnitTests", "Services\Notification\Notification.UnitTests\Notification.UnitTests.csproj", "{8ACC1E7E-774A-4CF7-AE13-EB459C65FEE0}"
EndProject
Global
	GlobalSection(SolutionConfigurationPlatforms) = preSolution
		Debug|Any CPU = Debug|Any CPU
		Release|Any CPU = Release|Any CPU
	EndGlobalSection
	GlobalSection(ProjectConfigurationPlatforms) = postSolution
		{9C488282-B4EA-4CE3-86C5-3B14CAC0982D}.Debug|Any CPU.ActiveCfg = Debug|Any CPU
		{9C488282-B4EA-4CE3-86C5-3B14CAC0982D}.Debug|Any CPU.Build.0 = Debug|Any CPU
		{9C488282-B4EA-4CE3-86C5-3B14CAC0982D}.Release|Any CPU.ActiveCfg = Release|Any CPU
		{9C488282-B4EA-4CE3-86C5-3B14CAC0982D}.Release|Any CPU.Build.0 = Release|Any CPU
		{BBE2E5D9-D284-44C5-B128-D2DBD402D8E0}.Debug|Any CPU.ActiveCfg = Debug|Any CPU
		{BBE2E5D9-D284-44C5-B128-D2DBD402D8E0}.Debug|Any CPU.Build.0 = Debug|Any CPU
		{BBE2E5D9-D284-44C5-B128-D2DBD402D8E0}.Release|Any CPU.ActiveCfg = Release|Any CPU
		{BBE2E5D9-D284-44C5-B128-D2DBD402D8E0}.Release|Any CPU.Build.0 = Release|Any CPU
		{FE769D72-AC96-41B8-B220-9C4845758F18}.Debug|Any CPU.ActiveCfg = Debug|Any CPU
		{FE769D72-AC96-41B8-B220-9C4845758F18}.Debug|Any CPU.Build.0 = Debug|Any CPU
		{FE769D72-AC96-41B8-B220-9C4845758F18}.Release|Any CPU.ActiveCfg = Release|Any CPU
		{FE769D72-AC96-41B8-B220-9C4845758F18}.Release|Any CPU.Build.0 = Release|Any CPU
		{3165DC54-F411-4823-AAF3-5B822247688D}.Debug|Any CPU.ActiveCfg = Debug|Any CPU
		{3165DC54-F411-4823-AAF3-5B822247688D}.Debug|Any CPU.Build.0 = Debug|Any CPU
		{3165DC54-F411-4823-AAF3-5B822247688D}.Release|Any CPU.ActiveCfg = Release|Any CPU
		{3165DC54-F411-4823-AAF3-5B822247688D}.Release|Any CPU.Build.0 = Release|Any CPU
		{24FC9B9F-C953-46EB-AB36-F850252CF7B8}.Debug|Any CPU.ActiveCfg = Debug|Any CPU
		{24FC9B9F-C953-46EB-AB36-F850252CF7B8}.Debug|Any CPU.Build.0 = Debug|Any CPU
		{24FC9B9F-C953-46EB-AB36-F850252CF7B8}.Release|Any CPU.ActiveCfg = Release|Any CPU
		{24FC9B9F-C953-46EB-AB36-F850252CF7B8}.Release|Any CPU.Build.0 = Release|Any CPU
		{721CA9B2-CD28-46FD-B1C0-4F29E2CA8947}.Debug|Any CPU.ActiveCfg = Debug|Any CPU
		{721CA9B2-CD28-46FD-B1C0-4F29E2CA8947}.Debug|Any CPU.Build.0 = Debug|Any CPU
		{721CA9B2-CD28-46FD-B1C0-4F29E2CA8947}.Release|Any CPU.ActiveCfg = Release|Any CPU
		{721CA9B2-CD28-46FD-B1C0-4F29E2CA8947}.Release|Any CPU.Build.0 = Release|Any CPU
		{2CB26A7C-CDB2-46F7-AE19-FFF76554E573}.Debug|Any CPU.ActiveCfg = Debug|Any CPU
		{2CB26A7C-CDB2-46F7-AE19-FFF76554E573}.Debug|Any CPU.Build.0 = Debug|Any CPU
		{2CB26A7C-CDB2-46F7-AE19-FFF76554E573}.Release|Any CPU.ActiveCfg = Release|Any CPU
		{2CB26A7C-CDB2-46F7-AE19-FFF76554E573}.Release|Any CPU.Build.0 = Release|Any CPU
		{7D04EE5A-2FA2-4E73-B7D8-B7947573D68D}.Debug|Any CPU.ActiveCfg = Debug|Any CPU
		{7D04EE5A-2FA2-4E73-B7D8-B7947573D68D}.Debug|Any CPU.Build.0 = Debug|Any CPU
		{7D04EE5A-2FA2-4E73-B7D8-B7947573D68D}.Release|Any CPU.ActiveCfg = Release|Any CPU
		{7D04EE5A-2FA2-4E73-B7D8-B7947573D68D}.Release|Any CPU.Build.0 = Release|Any CPU
		{0F2E3C9B-ECA9-4C31-941F-1F597C48DE38}.Debug|Any CPU.ActiveCfg = Debug|Any CPU
		{0F2E3C9B-ECA9-4C31-941F-1F597C48DE38}.Debug|Any CPU.Build.0 = Debug|Any CPU
		{0F2E3C9B-ECA9-4C31-941F-1F597C48DE38}.Release|Any CPU.ActiveCfg = Release|Any CPU
		{0F2E3C9B-ECA9-4C31-941F-1F597C48DE38}.Release|Any CPU.Build.0 = Release|Any CPU
		{1E988491-B480-4235-B3C1-903A525487CC}.Debug|Any CPU.ActiveCfg = Debug|Any CPU
		{1E988491-B480-4235-B3C1-903A525487CC}.Debug|Any CPU.Build.0 = Debug|Any CPU
		{1E988491-B480-4235-B3C1-903A525487CC}.Release|Any CPU.ActiveCfg = Release|Any CPU
		{1E988491-B480-4235-B3C1-903A525487CC}.Release|Any CPU.Build.0 = Release|Any CPU
		{8F1ACAFE-B12C-4238-BC96-41F5D7E34714}.Debug|Any CPU.ActiveCfg = Debug|Any CPU
		{8F1ACAFE-B12C-4238-BC96-41F5D7E34714}.Debug|Any CPU.Build.0 = Debug|Any CPU
		{8F1ACAFE-B12C-4238-BC96-41F5D7E34714}.Release|Any CPU.ActiveCfg = Release|Any CPU
		{8F1ACAFE-B12C-4238-BC96-41F5D7E34714}.Release|Any CPU.Build.0 = Release|Any CPU
		{71E7BE31-161C-4814-8DCD-3B914A6BFD39}.Debug|Any CPU.ActiveCfg = Debug|Any CPU
		{71E7BE31-161C-4814-8DCD-3B914A6BFD39}.Debug|Any CPU.Build.0 = Debug|Any CPU
		{71E7BE31-161C-4814-8DCD-3B914A6BFD39}.Release|Any CPU.ActiveCfg = Release|Any CPU
		{71E7BE31-161C-4814-8DCD-3B914A6BFD39}.Release|Any CPU.Build.0 = Release|Any CPU
		{11E4D0C0-40BA-4868-AFF8-4B4D45803295}.Debug|Any CPU.ActiveCfg = Debug|Any CPU
		{11E4D0C0-40BA-4868-AFF8-4B4D45803295}.Debug|Any CPU.Build.0 = Debug|Any CPU
		{11E4D0C0-40BA-4868-AFF8-4B4D45803295}.Release|Any CPU.ActiveCfg = Release|Any CPU
		{11E4D0C0-40BA-4868-AFF8-4B4D45803295}.Release|Any CPU.Build.0 = Release|Any CPU
		{EDC433FE-B84A-4A28-97F0-73405C1A7F89}.Debug|Any CPU.ActiveCfg = Debug|Any CPU
		{EDC433FE-B84A-4A28-97F0-73405C1A7F89}.Debug|Any CPU.Build.0 = Debug|Any CPU
		{EDC433FE-B84A-4A28-97F0-73405C1A7F89}.Release|Any CPU.ActiveCfg = Release|Any CPU
		{EDC433FE-B84A-4A28-97F0-73405C1A7F89}.Release|Any CPU.Build.0 = Release|Any CPU
		{4BF03EA6-FB2E-485B-99C1-F679254BF218}.Debug|Any CPU.ActiveCfg = Debug|Any CPU
		{4BF03EA6-FB2E-485B-99C1-F679254BF218}.Debug|Any CPU.Build.0 = Debug|Any CPU
		{4BF03EA6-FB2E-485B-99C1-F679254BF218}.Release|Any CPU.ActiveCfg = Release|Any CPU
		{4BF03EA6-FB2E-485B-99C1-F679254BF218}.Release|Any CPU.Build.0 = Release|Any CPU
		{8ACC1E7E-774A-4CF7-AE13-EB459C65FEE0}.Debug|Any CPU.ActiveCfg = Debug|Any CPU
		{8ACC1E7E-774A-4CF7-AE13-EB459C65FEE0}.Debug|Any CPU.Build.0 = Debug|Any CPU
		{8ACC1E7E-774A-4CF7-AE13-EB459C65FEE0}.Release|Any CPU.ActiveCfg = Release|Any CPU
		{8ACC1E7E-774A-4CF7-AE13-EB459C65FEE0}.Release|Any CPU.Build.0 = Release|Any CPU
	EndGlobalSection
	GlobalSection(SolutionProperties) = preSolution
		HideSolutionNode = FALSE
	EndGlobalSection
	GlobalSection(NestedProjects) = preSolution
		{9C488282-B4EA-4CE3-86C5-3B14CAC0982D} = {F87333ED-E2CC-4692-9F22-C114D69FCCBC}
		{42C26666-541B-44CF-A41D-7DD9BEA963D5} = {C64B5BF0-B46A-4B64-A8C2-F77E9844B598}
		{F87333ED-E2CC-4692-9F22-C114D69FCCBC} = {42C26666-541B-44CF-A41D-7DD9BEA963D5}
		{B3353411-69A8-44A3-A944-0C2E2010A7F4} = {C64B5BF0-B46A-4B64-A8C2-F77E9844B598}
		{7DD1DC54-A265-4BA7-895B-6BBCEA41959E} = {42C26666-541B-44CF-A41D-7DD9BEA963D5}
		{BBE2E5D9-D284-44C5-B128-D2DBD402D8E0} = {7DD1DC54-A265-4BA7-895B-6BBCEA41959E}
		{48209837-4A0D-4A1C-B1DD-76E2F5647C4F} = {42C26666-541B-44CF-A41D-7DD9BEA963D5}
		{FE769D72-AC96-41B8-B220-9C4845758F18} = {48209837-4A0D-4A1C-B1DD-76E2F5647C4F}
		{03AC7563-D49B-4CE8-819A-1A74B62543D2} = {42C26666-541B-44CF-A41D-7DD9BEA963D5}
		{3165DC54-F411-4823-AAF3-5B822247688D} = {03AC7563-D49B-4CE8-819A-1A74B62543D2}
		{48C7A6BC-BFCD-4901-A6C9-5DDC2844B9DD} = {42C26666-541B-44CF-A41D-7DD9BEA963D5}
		{24FC9B9F-C953-46EB-AB36-F850252CF7B8} = {48C7A6BC-BFCD-4901-A6C9-5DDC2844B9DD}
		{070B382C-7A0C-41B6-939E-404279035E04} = {42C26666-541B-44CF-A41D-7DD9BEA963D5}
		{721CA9B2-CD28-46FD-B1C0-4F29E2CA8947} = {070B382C-7A0C-41B6-939E-404279035E04}
		{70C355D7-363F-406B-AE33-27DEDF7914A5} = {42C26666-541B-44CF-A41D-7DD9BEA963D5}
		{2CB26A7C-CDB2-46F7-AE19-FFF76554E573} = {70C355D7-363F-406B-AE33-27DEDF7914A5}
		{696B8FEB-4EDC-4460-B3EF-7B6DB8CC5536} = {42C26666-541B-44CF-A41D-7DD9BEA963D5}
		{7D04EE5A-2FA2-4E73-B7D8-B7947573D68D} = {696B8FEB-4EDC-4460-B3EF-7B6DB8CC5536}
		{0F2E3C9B-ECA9-4C31-941F-1F597C48DE38} = {B3353411-69A8-44A3-A944-0C2E2010A7F4}
		{F85978CB-8A3B-4235-A690-00A1DA9A2240} = {C64B5BF0-B46A-4B64-A8C2-F77E9844B598}
		{1E988491-B480-4235-B3C1-903A525487CC} = {F85978CB-8A3B-4235-A690-00A1DA9A2240}
		{8F1ACAFE-B12C-4238-BC96-41F5D7E34714} = {F87333ED-E2CC-4692-9F22-C114D69FCCBC}
		{71E7BE31-161C-4814-8DCD-3B914A6BFD39} = {070B382C-7A0C-41B6-939E-404279035E04}
		{11E4D0C0-40BA-4868-AFF8-4B4D45803295} = {70C355D7-363F-406B-AE33-27DEDF7914A5}
		{EDC433FE-B84A-4A28-97F0-73405C1A7F89} = {696B8FEB-4EDC-4460-B3EF-7B6DB8CC5536}
		{4BF03EA6-FB2E-485B-99C1-F679254BF218} = {7DD1DC54-A265-4BA7-895B-6BBCEA41959E}
		{8ACC1E7E-774A-4CF7-AE13-EB459C65FEE0} = {48C7A6BC-BFCD-4901-A6C9-5DDC2844B9DD}
	EndGlobalSection
	GlobalSection(ExtensibilityGlobals) = postSolution
		SolutionGuid = {E04C1797-9B75-433E-87F6-F41B88DE1861}
	EndGlobalSection
EndGlobal
